
Microsoft Visual Studio Solution File, Format Version 12.00
# Visual Studio Version 17
VisualStudioVersion = 17.14.36119.2
MinimumVisualStudioVersion = 10.0.40219.1
Project("{FAE04EC0-301F-11D3-BF4B-00C04F79EFBC}") = "Academix.WebAPI", "Academix.WebAPI\Academix.WebAPI.csproj", "{9533DBDA-1246-4D2A-BDF6-61F39697FD2F}"
EndProject
Project("{FAE04EC0-301F-11D3-BF4B-00C04F79EFBC}") = "Academix.Domain", "Academix.Domain\Academix.Domain.csproj", "{2B235F55-1B44-4745-B7A0-55E34C89A49A}"
EndProject
Project("{FAE04EC0-301F-11D3-BF4B-00C04F79EFBC}") = "Academix.Application", "Academix.Application\Academix.Application.csproj", "{31CB6496-31EC-4200-8188-5FBFB5A8805F}"
EndProject
Project("{FAE04EC0-301F-11D3-BF4B-00C04F79EFBC}") = "Academix.Infrastructure", "Academix.Infrastructure\Academix.Infrastructure.csproj", "{72A4D728-D6CE-45A7-9C6A-FB74BBECEE1F}"
EndProject
Project("{FAE04EC0-301F-11D3-BF4B-00C04F79EFBC}") = "Academix.Helpers", "Academix.Helpers\Academix.Helpers.csproj", "{95DEDF1F-07D2-4DBF-A705-97746D054680}"
EndProject
Global
	GlobalSection(SolutionConfigurationPlatforms) = preSolution
		Debug|Any CPU = Debug|Any CPU
		Release|Any CPU = Release|Any CPU
	EndGlobalSection
	GlobalSection(ProjectConfigurationPlatforms) = postSolution
		{9533DBDA-1246-4D2A-BDF6-61F39697FD2F}.Debug|Any CPU.ActiveCfg = Debug|Any CPU
		{9533DBDA-1246-4D2A-BDF6-61F39697FD2F}.Debug|Any CPU.Build.0 = Debug|Any CPU
		{9533DBDA-1246-4D2A-BDF6-61F39697FD2F}.Release|Any CPU.ActiveCfg = Release|Any CPU
		{9533DBDA-1246-4D2A-BDF6-61F39697FD2F}.Release|Any CPU.Build.0 = Release|Any CPU
		{2B235F55-1B44-4745-B7A0-55E34C89A49A}.Debug|Any CPU.ActiveCfg = Debug|Any CPU
		{2B235F55-1B44-4745-B7A0-55E34C89A49A}.Debug|Any CPU.Build.0 = Debug|Any CPU
		{2B235F55-1B44-4745-B7A0-55E34C89A49A}.Release|Any CPU.ActiveCfg = Release|Any CPU
		{2B235F55-1B44-4745-B7A0-55E34C89A49A}.Release|Any CPU.Build.0 = Release|Any CPU
		{31CB6496-31EC-4200-8188-5FBFB5A8805F}.Debug|Any CPU.ActiveCfg = Debug|Any CPU
		{31CB6496-31EC-4200-8188-5FBFB5A8805F}.Debug|Any CPU.Build.0 = Debug|Any CPU
		{31CB6496-31EC-4200-8188-5FBFB5A8805F}.Release|Any CPU.ActiveCfg = Release|Any CPU
		{31CB6496-31EC-4200-8188-5FBFB5A8805F}.Release|Any CPU.Build.0 = Release|Any CPU
		{72A4D728-D6CE-45A7-9C6A-FB74BBECEE1F}.Debug|Any CPU.ActiveCfg = Debug|Any CPU
		{72A4D728-D6CE-45A7-9C6A-FB74BBECEE1F}.Debug|Any CPU.Build.0 = Debug|Any CPU
		{72A4D728-D6CE-45A7-9C6A-FB74BBECEE1F}.Release|Any CPU.ActiveCfg = Release|Any CPU
		{72A4D728-D6CE-45A7-9C6A-FB74BBECEE1F}.Release|Any CPU.Build.0 = Release|Any CPU
		{95DEDF1F-07D2-4DBF-A705-97746D054680}.Debug|Any CPU.ActiveCfg = Debug|Any CPU
		{95DEDF1F-07D2-4DBF-A705-97746D054680}.Debug|Any CPU.Build.0 = Debug|Any CPU
		{95DEDF1F-07D2-4DBF-A705-97746D054680}.Release|Any CPU.ActiveCfg = Release|Any CPU
		{95DEDF1F-07D2-4DBF-A705-97746D054680}.Release|Any CPU.Build.0 = Release|Any CPU
	EndGlobalSection
	GlobalSection(SolutionProperties) = preSolution
		HideSolutionNode = FALSE
	EndGlobalSection
	GlobalSection(ExtensibilityGlobals) = postSolution
		SolutionGuid = {4A521B10-DB33-4CD6-A184-3E1DD07682E8}
	EndGlobalSection
EndGlobal
